
Microsoft Visual Studio Solution File, Format Version 12.00
# Visual Studio 15
VisualStudioVersion = 15.0.26730.16
MinimumVisualStudioVersion = 10.0.40219.1
Project("{FAE04EC0-301F-11D3-BF4B-00C04F79EFBC}") = "MyBlog.Web.Old", "MyBlog.Web.Old\MyBlog.Web.Old.csproj", "{3C8E98FF-B4E5-49D5-B785-654743BC4CCF}"
EndProject
Project("{FAE04EC0-301F-11D3-BF4B-00C04F79EFBC}") = "MyBlog.Web.Tests", "MyBlog.Web.Tests\MyBlog.Web.Tests.csproj", "{84CAB7BA-869F-4761-BF1F-DD7591604EC9}"
EndProject
Project("{FAE04EC0-301F-11D3-BF4B-00C04F79EFBC}") = "MyBlog.Domain", "MyBlog.Domain\MyBlog.Domain.csproj", "{99CA2391-9118-44FF-AB75-1B2FE4DE2A4C}"
EndProject
Project("{FAE04EC0-301F-11D3-BF4B-00C04F79EFBC}") = "MyBlog.Data", "MyBlog.Data\MyBlog.Data.csproj", "{E84097EF-15CF-42D7-8624-5BC73A57FDE0}"
EndProject
Project("{FAE04EC0-301F-11D3-BF4B-00C04F79EFBC}") = "MyBlog.Common", "MyBlog.Common\MyBlog.Common.csproj", "{F0513F73-4CF7-41F6-93F6-64D640923EAC}"
EndProject
Project("{FAE04EC0-301F-11D3-BF4B-00C04F79EFBC}") = "MyBlog.Service", "MyBlog.Service\MyBlog.Service.csproj", "{0D50A96C-0D91-4C56-93BD-F0EF73BFC292}"
EndProject
Project("{2150E333-8FDC-42A3-9474-1A3956D46DE8}") = "src", "src", "{21083804-3FA5-4DF5-A640-E13C8A71124A}"
EndProject
Project("{9A19103F-16F7-4668-BE54-9A1E7A4F7556}") = "MyBlog.Core", "MyBlog.Core\MyBlog.Core.csproj", "{945CA24A-03CA-4972-B681-80B3CFB7FD94}"
EndProject
Project("{9A19103F-16F7-4668-BE54-9A1E7A4F7556}") = "MyBlog.Infrastructure", "MyBlog.Infrastructure\MyBlog.Infrastructure.csproj", "{E417DB23-03A8-4265-8E5E-365C958859B2}"
EndProject
Project("{FAE04EC0-301F-11D3-BF4B-00C04F79EFBC}") = "MyBlog.Web", "MyBlog.Web\MyBlog.Web.csproj", "{E9B122C3-23E9-499C-A57F-851846E8DE53}"
EndProject
Global
	GlobalSection(SolutionConfigurationPlatforms) = preSolution
		Debug|Any CPU = Debug|Any CPU
		Release|Any CPU = Release|Any CPU
	EndGlobalSection
	GlobalSection(ProjectConfigurationPlatforms) = postSolution
		{3C8E98FF-B4E5-49D5-B785-654743BC4CCF}.Debug|Any CPU.ActiveCfg = Debug|Any CPU
		{3C8E98FF-B4E5-49D5-B785-654743BC4CCF}.Debug|Any CPU.Build.0 = Debug|Any CPU
		{3C8E98FF-B4E5-49D5-B785-654743BC4CCF}.Release|Any CPU.ActiveCfg = Release|Any CPU
		{3C8E98FF-B4E5-49D5-B785-654743BC4CCF}.Release|Any CPU.Build.0 = Release|Any CPU
		{84CAB7BA-869F-4761-BF1F-DD7591604EC9}.Debug|Any CPU.ActiveCfg = Debug|Any CPU
		{84CAB7BA-869F-4761-BF1F-DD7591604EC9}.Debug|Any CPU.Build.0 = Debug|Any CPU
		{84CAB7BA-869F-4761-BF1F-DD7591604EC9}.Release|Any CPU.ActiveCfg = Release|Any CPU
		{84CAB7BA-869F-4761-BF1F-DD7591604EC9}.Release|Any CPU.Build.0 = Release|Any CPU
		{99CA2391-9118-44FF-AB75-1B2FE4DE2A4C}.Debug|Any CPU.ActiveCfg = Debug|Any CPU
		{99CA2391-9118-44FF-AB75-1B2FE4DE2A4C}.Debug|Any CPU.Build.0 = Debug|Any CPU
		{99CA2391-9118-44FF-AB75-1B2FE4DE2A4C}.Release|Any CPU.ActiveCfg = Release|Any CPU
		{99CA2391-9118-44FF-AB75-1B2FE4DE2A4C}.Release|Any CPU.Build.0 = Release|Any CPU
		{E84097EF-15CF-42D7-8624-5BC73A57FDE0}.Debug|Any CPU.ActiveCfg = Debug|Any CPU
		{E84097EF-15CF-42D7-8624-5BC73A57FDE0}.Debug|Any CPU.Build.0 = Debug|Any CPU
		{E84097EF-15CF-42D7-8624-5BC73A57FDE0}.Release|Any CPU.ActiveCfg = Release|Any CPU
		{E84097EF-15CF-42D7-8624-5BC73A57FDE0}.Release|Any CPU.Build.0 = Release|Any CPU
		{F0513F73-4CF7-41F6-93F6-64D640923EAC}.Debug|Any CPU.ActiveCfg = Debug|Any CPU
		{F0513F73-4CF7-41F6-93F6-64D640923EAC}.Debug|Any CPU.Build.0 = Debug|Any CPU
		{F0513F73-4CF7-41F6-93F6-64D640923EAC}.Release|Any CPU.ActiveCfg = Release|Any CPU
		{F0513F73-4CF7-41F6-93F6-64D640923EAC}.Release|Any CPU.Build.0 = Release|Any CPU
		{0D50A96C-0D91-4C56-93BD-F0EF73BFC292}.Debug|Any CPU.ActiveCfg = Debug|Any CPU
		{0D50A96C-0D91-4C56-93BD-F0EF73BFC292}.Debug|Any CPU.Build.0 = Debug|Any CPU
		{0D50A96C-0D91-4C56-93BD-F0EF73BFC292}.Release|Any CPU.ActiveCfg = Release|Any CPU
		{0D50A96C-0D91-4C56-93BD-F0EF73BFC292}.Release|Any CPU.Build.0 = Release|Any CPU
		{945CA24A-03CA-4972-B681-80B3CFB7FD94}.Debug|Any CPU.ActiveCfg = Debug|Any CPU
		{945CA24A-03CA-4972-B681-80B3CFB7FD94}.Debug|Any CPU.Build.0 = Debug|Any CPU
		{945CA24A-03CA-4972-B681-80B3CFB7FD94}.Release|Any CPU.ActiveCfg = Release|Any CPU
		{945CA24A-03CA-4972-B681-80B3CFB7FD94}.Release|Any CPU.Build.0 = Release|Any CPU
		{E417DB23-03A8-4265-8E5E-365C958859B2}.Debug|Any CPU.ActiveCfg = Debug|Any CPU
		{E417DB23-03A8-4265-8E5E-365C958859B2}.Debug|Any CPU.Build.0 = Debug|Any CPU
		{E417DB23-03A8-4265-8E5E-365C958859B2}.Release|Any CPU.ActiveCfg = Release|Any CPU
		{E417DB23-03A8-4265-8E5E-365C958859B2}.Release|Any CPU.Build.0 = Release|Any CPU
		{E9B122C3-23E9-499C-A57F-851846E8DE53}.Debug|Any CPU.ActiveCfg = Debug|Any CPU
		{E9B122C3-23E9-499C-A57F-851846E8DE53}.Debug|Any CPU.Build.0 = Debug|Any CPU
		{E9B122C3-23E9-499C-A57F-851846E8DE53}.Release|Any CPU.ActiveCfg = Release|Any CPU
		{E9B122C3-23E9-499C-A57F-851846E8DE53}.Release|Any CPU.Build.0 = Release|Any CPU
	EndGlobalSection
	GlobalSection(SolutionProperties) = preSolution
		HideSolutionNode = FALSE
	EndGlobalSection
	GlobalSection(NestedProjects) = preSolution
		{945CA24A-03CA-4972-B681-80B3CFB7FD94} = {21083804-3FA5-4DF5-A640-E13C8A71124A}
		{E417DB23-03A8-4265-8E5E-365C958859B2} = {21083804-3FA5-4DF5-A640-E13C8A71124A}
		{E9B122C3-23E9-499C-A57F-851846E8DE53} = {21083804-3FA5-4DF5-A640-E13C8A71124A}
	EndGlobalSection
	GlobalSection(ExtensibilityGlobals) = postSolution
		SolutionGuid = {FCF745AE-29D8-494A-850D-1D6BD067FD5A}
	EndGlobalSection
EndGlobal
